<?xml version="1.0" encoding="utf-8"?>
<Project ToolsVersion="4.0" xmlns="http://schemas.microsoft.com/developer/msbuild/2003">
  <ItemGroup>
    <Filter Include="Header Files">
      <UniqueIdentifier>{9BC96B5C-69F0-4FA7-AB48-705459B90B40}</UniqueIdentifier>
    </Filter>
    <Filter Include="Source Files">
      <UniqueIdentifier>{CF12B1D6-F248-45CF-9D24-22FAEA1361F5}</UniqueIdentifier>
    </Filter>
    <Filter Include="Resource Files">
      <UniqueIdentifier>{BD0F0966-67FC-4DA5-8C75-CFDCA4E2246B}</UniqueIdentifier>
    </Filter>
  </ItemGroup>
  <ItemGroup>
    <ClInclude Include="pch.h">
      <Filter>Header Files</Filter>
    </ClInclude>
    <ClInclude Include="ReactPackageProvider.h">
      <Filter>Header Files</Filter>
    </ClInclude>
    <ClInclude Include="ServoView.h">
      <Filter>Header Files</Filter>
    </ClInclude>
    <ClInclude Include="codegen\react\components\ServoViewSpec\ServoView.g.h">
      <Filter>Header Files</Filter>
    </ClInclude>
  </ItemGroup>
  <ItemGroup>
    <ClCompile Include="pch.cpp">
      <Filter>Source Files</Filter>
    </ClCompile>
    <ClCompile Include="ReactPackageProvider.cpp">
      <Filter>Source Files</Filter>
    </ClCompile>
    <ClCompile Include="ServoView.cpp">
      <Filter>Source Files</Filter>
    </ClCompile>
  </ItemGroup>
  <ItemGroup>
    <Midl Include="ReactPackageProvider.idl">
      <Filter>Source Files</Filter>
    </Midl>
  </ItemGroup>
  <ItemGroup>
    <None Include="packages.config">
      <Filter>Resource Files</Filter>
    </None>
    <None Include="PropertySheet.props">
      <Filter>Resource Files</Filter>
    </None>
    <None Include="ServoKit.def">
      <Filter>Resource Files</Filter>
    </None>
  </ItemGroup>
</Project>
